<?xml version="1.0" encoding="UTF-8" standalone="yes" ?>
<CodeBlocks_project_file>
	<FileVersion major="1" minor="6" />
	<Project>
		<Option title="GravityFallsGame" />
		<Option pch_mode="2" />
		<Option compiler="gcc" />
		<Build>
			<Target title="Debug">
				<Option output="bin/Debug/GravityFallsGame" prefix_auto="1" extension_auto="1" />
				<Option object_output="obj/Debug/" />
				<Option type="1" />
				<Option compiler="gcc" />
				<Compiler>
					<Add option="-g" />
					<Add directory="h" />
					<Add directory="../JuegoUtn" />
					<Add directory="./" />
				</Compiler>
				<Linker>
					<Add library="sfml-graphics-d" />
					<Add library="sfml-window-d" />
					<Add library="sfml-system-d" />
					<Add library="sfml-audio-d" />
				</Linker>
			</Target>
			<Target title="Release">
				<Option output="bin/Release/GravityFallsGame" prefix_auto="1" extension_auto="1" />
				<Option object_output="obj/Release/" />
				<Option type="1" />
				<Option compiler="gcc" />
				<Compiler>
					<Add option="-O2" />
					<Add directory="h" />
					<Add directory="../JuegoUtn" />
					<Add directory="./" />
				</Compiler>
				<Linker>
					<Add option="-s" />
					<Add library="sfml-graphics" />
					<Add library="sfml-window" />
					<Add library="sfml-system" />
					<Add library="sfml-audio" />
				</Linker>
			</Target>
		</Build>
		<Compiler>
			<Add option="-Wall" />
			<Add option="-fexceptions" />
			<Add directory="SFML/include" />
		</Compiler>
		<Linker>
			<Add directory="SFML/lib" />
		</Linker>
		<Unit filename="bebidaDeVida.h" />
		<Unit filename="bill.h" />
		<Unit filename="cofre.h" />
		<Unit filename="colisiones.h" />
		<Unit filename="cuartoMapa.h" />
		<Unit filename="cuchillo.h" />
		<Unit filename="dipper.h" />
		<Unit filename="disparo.h" />
		<Unit filename="estadoDeMapas.h" />
		<Unit filename="gameOver.h" />
		<Unit filename="gancho.h" />
		<Unit filename="gideon.h" />
		<Unit filename="gnomo.h" />
		<Unit filename="inicio.h" />
		<Unit filename="libro1.h" />
		<Unit filename="libro2.h" />
		<Unit filename="libro3.h" />
		<Unit filename="linterna.h" />
		<Unit filename="mabbel.h" />
		<Unit filename="main.cpp" />
		<Unit filename="mapaFinal.h" />
		<Unit filename="menu.h" />
		<Unit filename="menuControles.h" />
		<Unit filename="minotauro.h" />
		<Unit filename="mochila.h" />
		<Unit filename="novenoMapa.h" />
		<Unit filename="octavoMapa.h" />
		<Unit filename="pocionDeVelocidad.h" />
		<Unit filename="primerMapa.h" />
		<Unit filename="quintoMapa.h" />
		<Unit filename="segundoMapa.h" />
		<Unit filename="septimoMapa.h" />
		<Unit filename="sextoMapa.h" />
		<Unit filename="soos.h" />
		<Unit filename="src/Enemigos/bill.cpp" />
		<Unit filename="src/Enemigos/gideon.cpp" />
		<Unit filename="src/Enemigos/gnomo.cpp" />
		<Unit filename="src/Enemigos/minotauro.cpp" />
		<Unit filename="src/colisiones.cpp" />
		<Unit filename="src/cuartoMapa.cpp" />
		<Unit filename="src/dipper.cpp" />
		<Unit filename="src/disparo.cpp" />
		<Unit filename="src/estadoDeMapas.cpp" />
		<Unit filename="src/gameOver.cpp" />
		<Unit filename="src/inicio.cpp" />
		<Unit filename="src/items/bebidaDeVida.cpp" />
		<Unit filename="src/items/cofre.cpp" />
		<Unit filename="src/items/cuchillo.cpp" />
		<Unit filename="src/items/gancho.cpp" />
		<Unit filename="src/items/libro1.cpp" />
		<Unit filename="src/items/libro2.cpp" />
		<Unit filename="src/items/libro3.cpp" />
		<Unit filename="src/items/linterna.cpp" />
		<Unit filename="src/items/pocionDeVelocidad.cpp" />
		<Unit filename="src/mabbel.cpp" />
		<Unit filename="src/mapaFinal.cpp" />
		<Unit filename="src/menu.cpp" />
		<Unit filename="src/menuControles.cpp" />
		<Unit filename="src/mochila.cpp" />
		<Unit filename="src/novenoMapa.cpp" />
		<Unit filename="src/octavoMapa.cpp" />
		<Unit filename="src/primerMapa.cpp" />
		<Unit filename="src/quintoMapa.cpp" />
		<Unit filename="src/segundoMapa.cpp" />
		<Unit filename="src/septimoMapa.cpp" />
		<Unit filename="src/sextoMapa.cpp" />
		<Unit filename="src/soos.cpp" />
		<Unit filename="src/stan.cpp" />
		<Unit filename="src/tercerMapa.cpp" />
		<Unit filename="src/wendy.cpp" />
		<Unit filename="stan.h" />
		<Unit filename="tercerMapa.h" />
		<Unit filename="wendy.h" />
		<Extensions />
	</Project>
</CodeBlocks_project_file>
